// !$*UTF8*$!
{
	archiveVersion = 1;
	classes = {
	};
	objectVersion = 46;
	objects = {

/* Begin PBXBuildFile section */
		C3BC2E7F16CA2081004CE6DA /* UIKit.framework in Frameworks */ = {isa = PBXBuildFile; fileRef = C3BC2E7E16CA2081004CE6DA /* UIKit.framework */; };
		C3BC2E8116CA2081004CE6DA /* Foundation.framework in Frameworks */ = {isa = PBXBuildFile; fileRef = C3BC2E8016CA2081004CE6DA /* Foundation.framework */; };
		C3BC2E8316CA2081004CE6DA /* CoreGraphics.framework in Frameworks */ = {isa = PBXBuildFile; fileRef = C3BC2E8216CA2081004CE6DA /* CoreGraphics.framework */; };
		C3BC2E8916CA2081004CE6DA /* InfoPlist.strings in Resources */ = {isa = PBXBuildFile; fileRef = C3BC2E8716CA2081004CE6DA /* InfoPlist.strings */; };
		C3BC2E8B16CA2081004CE6DA /* main.m in Sources */ = {isa = PBXBuildFile; fileRef = C3BC2E8A16CA2081004CE6DA /* main.m */; };
		C3BC2E8F16CA2081004CE6DA /* AppDelegate.m in Sources */ = {isa = PBXBuildFile; fileRef = C3BC2E8E16CA2081004CE6DA /* AppDelegate.m */; };
		C3BC2E9116CA2081004CE6DA /* Default.png in Resources */ = {isa = PBXBuildFile; fileRef = C3BC2E9016CA2081004CE6DA /* Default.png */; };
		C3BC2E9316CA2081004CE6DA /* Default@2x.png in Resources */ = {isa = PBXBuildFile; fileRef = C3BC2E9216CA2081004CE6DA /* Default@2x.png */; };
		C3BC2E9516CA2081004CE6DA /* Default-568h@2x.png in Resources */ = {isa = PBXBuildFile; fileRef = C3BC2E9416CA2081004CE6DA /* Default-568h@2x.png */; };
		C3BC2E9816CA2081004CE6DA /* MainStoryboard.storyboard in Resources */ = {isa = PBXBuildFile; fileRef = C3BC2E9616CA2081004CE6DA /* MainStoryboard.storyboard */; };
		C3BC2E9B16CA2081004CE6DA /* ViewController.m in Sources */ = {isa = PBXBuildFile; fileRef = C3BC2E9A16CA2081004CE6DA /* ViewController.m */; };
		C3BC2EA316CA2081004CE6DA /* SenTestingKit.framework in Frameworks */ = {isa = PBXBuildFile; fileRef = C3BC2EA216CA2081004CE6DA /* SenTestingKit.framework */; };
		C3BC2EA416CA2081004CE6DA /* UIKit.framework in Frameworks */ = {isa = PBXBuildFile; fileRef = C3BC2E7E16CA2081004CE6DA /* UIKit.framework */; };
		C3BC2EA516CA2081004CE6DA /* Foundation.framework in Frameworks */ = {isa = PBXBuildFile; fileRef = C3BC2E8016CA2081004CE6DA /* Foundation.framework */; };
		C3BC2EAD16CA2081004CE6DA /* InfoPlist.strings in Resources */ = {isa = PBXBuildFile; fileRef = C3BC2EAB16CA2081004CE6DA /* InfoPlist.strings */; };
		C3BC2EB016CA2081004CE6DA /* Git_Sample_ProjectTests.m in Sources */ = {isa = PBXBuildFile; fileRef = C3BC2EAF16CA2081004CE6DA /* Git_Sample_ProjectTests.m */; };
/* End PBXBuildFile section */

/* Begin PBXContainerItemProxy section */
		C3BC2EA616CA2081004CE6DA /* PBXContainerItemProxy */ = {
			isa = PBXContainerItemProxy;
			containerPortal = C3BC2E7316CA2080004CE6DA /* Project object */;
			proxyType = 1;
			remoteGlobalIDString = C3BC2E7A16CA2081004CE6DA;
			remoteInfo = "Git-Sample-Project";
		};
/* End PBXContainerItemProxy section */

/* Begin PBXFileReference section */
		C3BC2E7B16CA2081004CE6DA /* Git-Sample-Project.app */ = {isa = PBXFileReference; explicitFileType = wrapper.application; includeInIndex = 0; path = "Git-Sample-Project.app"; sourceTree = BUILT_PRODUCTS_DIR; };
		C3BC2E7E16CA2081004CE6DA /* UIKit.framework */ = {isa = PBXFileReference; lastKnownFileType = wrapper.framework; name = UIKit.framework; path = System/Library/Frameworks/UIKit.framework; sourceTree = SDKROOT; };
		C3BC2E8016CA2081004CE6DA /* Foundation.framework */ = {isa = PBXFileReference; lastKnownFileType = wrapper.framework; name = Foundation.framework; path = System/Library/Frameworks/Foundation.framework; sourceTree = SDKROOT; };
		C3BC2E8216CA2081004CE6DA /* CoreGraphics.framework */ = {isa = PBXFileReference; lastKnownFileType = wrapper.framework; name = CoreGraphics.framework; path = System/Library/Frameworks/CoreGraphics.framework; sourceTree = SDKROOT; };
		C3BC2E8616CA2081004CE6DA /* Git-Sample-Project-Info.plist */ = {isa = PBXFileReference; lastKnownFileType = text.plist.xml; path = "Git-Sample-Project-Info.plist"; sourceTree = "<group>"; };
		C3BC2E8816CA2081004CE6DA /* en */ = {isa = PBXFileReference; lastKnownFileType = text.plist.strings; name = en; path = en.lproj/InfoPlist.strings; sourceTree = "<group>"; };
		C3BC2E8A16CA2081004CE6DA /* main.m */ = {isa = PBXFileReference; lastKnownFileType = sourcecode.c.objc; path = main.m; sourceTree = "<group>"; };
		C3BC2E8C16CA2081004CE6DA /* Git-Sample-Project-Prefix.pch */ = {isa = PBXFileReference; lastKnownFileType = sourcecode.c.h; path = "Git-Sample-Project-Prefix.pch"; sourceTree = "<group>"; };
		C3BC2E8D16CA2081004CE6DA /* AppDelegate.h */ = {isa = PBXFileReference; lastKnownFileType = sourcecode.c.h; path = AppDelegate.h; sourceTree = "<group>"; };
		C3BC2E8E16CA2081004CE6DA /* AppDelegate.m */ = {isa = PBXFileReference; lastKnownFileType = sourcecode.c.objc; path = AppDelegate.m; sourceTree = "<group>"; };
		C3BC2E9016CA2081004CE6DA /* Default.png */ = {isa = PBXFileReference; lastKnownFileType = image.png; path = Default.png; sourceTree = "<group>"; };
		C3BC2E9216CA2081004CE6DA /* Default@2x.png */ = {isa = PBXFileReference; lastKnownFileType = image.png; path = "Default@2x.png"; sourceTree = "<group>"; };
		C3BC2E9416CA2081004CE6DA /* Default-568h@2x.png */ = {isa = PBXFileReference; lastKnownFileType = image.png; path = "Default-568h@2x.png"; sourceTree = "<group>"; };
		C3BC2E9716CA2081004CE6DA /* en */ = {isa = PBXFileReference; lastKnownFileType = file.storyboard; name = en; path = en.lproj/MainStoryboard.storyboard; sourceTree = "<group>"; };
		C3BC2E9916CA2081004CE6DA /* ViewController.h */ = {isa = PBXFileReference; lastKnownFileType = sourcecode.c.h; path = ViewController.h; sourceTree = "<group>"; };
		C3BC2E9A16CA2081004CE6DA /* ViewController.m */ = {isa = PBXFileReference; lastKnownFileType = sourcecode.c.objc; path = ViewController.m; sourceTree = "<group>"; };
		C3BC2EA116CA2081004CE6DA /* Git-Sample-ProjectTests.octest */ = {isa = PBXFileReference; explicitFileType = wrapper.cfbundle; includeInIndex = 0; path = "Git-Sample-ProjectTests.octest"; sourceTree = BUILT_PRODUCTS_DIR; };
		C3BC2EA216CA2081004CE6DA /* SenTestingKit.framework */ = {isa = PBXFileReference; lastKnownFileType = wrapper.framework; name = SenTestingKit.framework; path = Library/Frameworks/SenTestingKit.framework; sourceTree = DEVELOPER_DIR; };
		C3BC2EAA16CA2081004CE6DA /* Git-Sample-ProjectTests-Info.plist */ = {isa = PBXFileReference; lastKnownFileType = text.plist.xml; path = "Git-Sample-ProjectTests-Info.plist"; sourceTree = "<group>"; };
		C3BC2EAC16CA2081004CE6DA /* en */ = {isa = PBXFileReference; lastKnownFileType = text.plist.strings; name = en; path = en.lproj/InfoPlist.strings; sourceTree = "<group>"; };
		C3BC2EAE16CA2081004CE6DA /* Git_Sample_ProjectTests.h */ = {isa = PBXFileReference; lastKnownFileType = sourcecode.c.h; path = Git_Sample_ProjectTests.h; sourceTree = "<group>"; };
		C3BC2EAF16CA2081004CE6DA /* Git_Sample_ProjectTests.m */ = {isa = PBXFileReference; lastKnownFileType = sourcecode.c.objc; path = Git_Sample_ProjectTests.m; sourceTree = "<group>"; };
/* End PBXFileReference section */

/* Begin PBXFrameworksBuildPhase section */
		C3BC2E7816CA2081004CE6DA /* Frameworks */ = {
			isa = PBXFrameworksBuildPhase;
			buildActionMask = 2147483647;
			files = (
				C3BC2E7F16CA2081004CE6DA /* UIKit.framework in Frameworks */,
				C3BC2E8116CA2081004CE6DA /* Foundation.framework in Frameworks */,
				C3BC2E8316CA2081004CE6DA /* CoreGraphics.framework in Frameworks */,
			);
			runOnlyForDeploymentPostprocessing = 0;
		};
		C3BC2E9D16CA2081004CE6DA /* Frameworks */ = {
			isa = PBXFrameworksBuildPhase;
			buildActionMask = 2147483647;
			files = (
				C3BC2EA316CA2081004CE6DA /* SenTestingKit.framework in Frameworks */,
				C3BC2EA416CA2081004CE6DA /* UIKit.framework in Frameworks */,
				C3BC2EA516CA2081004CE6DA /* Foundation.framework in Frameworks */,
			);
			runOnlyForDeploymentPostprocessing = 0;
		};
/* End PBXFrameworksBuildPhase section */

/* Begin PBXGroup section */
		C3BC2E7216CA2080004CE6DA = {
			isa = PBXGroup;
			children = (
				C3BC2E8416CA2081004CE6DA /* Git-Sample-Project */,
				C3BC2EA816CA2081004CE6DA /* Git-Sample-ProjectTests */,
				C3BC2E7D16CA2081004CE6DA /* Frameworks */,
				C3BC2E7C16CA2081004CE6DA /* Products */,
			);
			sourceTree = "<group>";
		};
		C3BC2E7C16CA2081004CE6DA /* Products */ = {
			isa = PBXGroup;
			children = (
				C3BC2E7B16CA2081004CE6DA /* Git-Sample-Project.app */,
				C3BC2EA116CA2081004CE6DA /* Git-Sample-ProjectTests.octest */,
			);
			name = Products;
			sourceTree = "<group>";
		};
		C3BC2E7D16CA2081004CE6DA /* Frameworks */ = {
			isa = PBXGroup;
			children = (
				C3BC2E7E16CA2081004CE6DA /* UIKit.framework */,
				C3BC2E8016CA2081004CE6DA /* Foundation.framework */,
				C3BC2E8216CA2081004CE6DA /* CoreGraphics.framework */,
				C3BC2EA216CA2081004CE6DA /* SenTestingKit.framework */,
			);
			name = Frameworks;
			sourceTree = "<group>";
		};
		C3BC2E8416CA2081004CE6DA /* Git-Sample-Project */ = {
			isa = PBXGroup;
			children = (
				C3BC2E8D16CA2081004CE6DA /* AppDelegate.h */,
				C3BC2E8E16CA2081004CE6DA /* AppDelegate.m */,
				C3BC2E9616CA2081004CE6DA /* MainStoryboard.storyboard */,
				C3BC2E9916CA2081004CE6DA /* ViewController.h */,
				C3BC2E9A16CA2081004CE6DA /* ViewController.m */,
				C3BC2E8516CA2081004CE6DA /* Supporting Files */,
			);
			path = "Git-Sample-Project";
			sourceTree = "<group>";
		};
		C3BC2E8516CA2081004CE6DA /* Supporting Files */ = {
			isa = PBXGroup;
			children = (
				C3BC2E8616CA2081004CE6DA /* Git-Sample-Project-Info.plist */,
				C3BC2E8716CA2081004CE6DA /* InfoPlist.strings */,
				C3BC2E8A16CA2081004CE6DA /* main.m */,
				C3BC2E8C16CA2081004CE6DA /* Git-Sample-Project-Prefix.pch */,
				C3BC2E9016CA2081004CE6DA /* Default.png */,
				C3BC2E9216CA2081004CE6DA /* Default@2x.png */,
				C3BC2E9416CA2081004CE6DA /* Default-568h@2x.png */,
			);
			name = "Supporting Files";
			sourceTree = "<group>";
		};
		C3BC2EA816CA2081004CE6DA /* Git-Sample-ProjectTests */ = {
			isa = PBXGroup;
			children = (
				C3BC2EAE16CA2081004CE6DA /* Git_Sample_ProjectTests.h */,
				C3BC2EAF16CA2081004CE6DA /* Git_Sample_ProjectTests.m */,
				C3BC2EA916CA2081004CE6DA /* Supporting Files */,
			);
			path = "Git-Sample-ProjectTests";
			sourceTree = "<group>";
		};
		C3BC2EA916CA2081004CE6DA /* Supporting Files */ = {
			isa = PBXGroup;
			children = (
				C3BC2EAA16CA2081004CE6DA /* Git-Sample-ProjectTests-Info.plist */,
				C3BC2EAB16CA2081004CE6DA /* InfoPlist.strings */,
			);
			name = "Supporting Files";
			sourceTree = "<group>";
		};
/* End PBXGroup section */

/* Begin PBXNativeTarget section */
		C3BC2E7A16CA2081004CE6DA /* Git-Sample-Project */ = {
			isa = PBXNativeTarget;
			buildConfigurationList = C3BC2EB316CA2081004CE6DA /* Build configuration list for PBXNativeTarget "Git-Sample-Project" */;
			buildPhases = (
				C3BC2E7716CA2081004CE6DA /* Sources */,
				C3BC2E7816CA2081004CE6DA /* Frameworks */,
				C3BC2E7916CA2081004CE6DA /* Resources */,
			);
			buildRules = (
			);
			dependencies = (
			);
			name = "Git-Sample-Project";
			productName = "Git-Sample-Project";
			productReference = C3BC2E7B16CA2081004CE6DA /* Git-Sample-Project.app */;
			productType = "com.apple.product-type.application";
		};
		C3BC2EA016CA2081004CE6DA /* Git-Sample-ProjectTests */ = {
			isa = PBXNativeTarget;
			buildConfigurationList = C3BC2EB616CA2081004CE6DA /* Build configuration list for PBXNativeTarget "Git-Sample-ProjectTests" */;
			buildPhases = (
				C3BC2E9C16CA2081004CE6DA /* Sources */,
				C3BC2E9D16CA2081004CE6DA /* Frameworks */,
				C3BC2E9E16CA2081004CE6DA /* Resources */,
				C3BC2E9F16CA2081004CE6DA /* ShellScript */,
			);
			buildRules = (
			);
			dependencies = (
				C3BC2EA716CA2081004CE6DA /* PBXTargetDependency */,
			);
			name = "Git-Sample-ProjectTests";
			productName = "Git-Sample-ProjectTests";
			productReference = C3BC2EA116CA2081004CE6DA /* Git-Sample-ProjectTests.octest */;
			productType = "com.apple.product-type.bundle";
		};
/* End PBXNativeTarget section */

/* Begin PBXProject section */
		C3BC2E7316CA2080004CE6DA /* Project object */ = {
			isa = PBXProject;
			attributes = {
				LastUpgradeCheck = 0460;
				ORGANIZATIONNAME = Loganathan;
			};
			buildConfigurationList = C3BC2E7616CA2080004CE6DA /* Build configuration list for PBXProject "Git-Sample-Project" */;
			compatibilityVersion = "Xcode 3.2";
			developmentRegion = English;
			hasScannedForEncodings = 0;
			knownRegions = (
				en,
			);
			mainGroup = C3BC2E7216CA2080004CE6DA;
			productRefGroup = C3BC2E7C16CA2081004CE6DA /* Products */;
			projectDirPath = "";
			projectRoot = "";
			targets = (
				C3BC2E7A16CA2081004CE6DA /* Git-Sample-Project */,
				C3BC2EA016CA2081004CE6DA /* Git-Sample-ProjectTests */,
			);
		};
/* End PBXProject section */

/* Begin PBXResourcesBuildPhase section */
		C3BC2E7916CA2081004CE6DA /* Resources */ = {
			isa = PBXResourcesBuildPhase;
			buildActionMask = 2147483647;
			files = (
				C3BC2E8916CA2081004CE6DA /* InfoPlist.strings in Resources */,
				C3BC2E9116CA2081004CE6DA /* Default.png in Resources */,
				C3BC2E9316CA2081004CE6DA /* Default@2x.png in Resources */,
				C3BC2E9516CA2081004CE6DA /* Default-568h@2x.png in Resources */,
				C3BC2E9816CA2081004CE6DA /* MainStoryboard.storyboard in Resources */,
			);
			runOnlyForDeploymentPostprocessing = 0;
		};
		C3BC2E9E16CA2081004CE6DA /* Resources */ = {
			isa = PBXResourcesBuildPhase;
			buildActionMask = 2147483647;
			files = (
				C3BC2EAD16CA2081004CE6DA /* InfoPlist.strings in Resources */,
			);
			runOnlyForDeploymentPostprocessing = 0;
		};
/* End PBXResourcesBuildPhase section */

/* Begin PBXShellScriptBuildPhase section */
		C3BC2E9F16CA2081004CE6DA /* ShellScript */ = {
			isa = PBXShellScriptBuildPhase;
			buildActionMask = 2147483647;
			files = (
			);
			inputPaths = (
			);
			outputPaths = (
			);
			runOnlyForDeploymentPostprocessing = 0;
			shellPath = /bin/sh;
			shellScript = "# Run the unit tests in this test bundle.\n\"${SYSTEM_DEVELOPER_DIR}/Tools/RunUnitTests\"\n";
		};
/* End PBXShellScriptBuildPhase section */

/* Begin PBXSourcesBuildPhase section */
		C3BC2E7716CA2081004CE6DA /* Sources */ = {
			isa = PBXSourcesBuildPhase;
			buildActionMask = 2147483647;
			files = (
				C3BC2E8B16CA2081004CE6DA /* main.m in Sources */,
				C3BC2E8F16CA2081004CE6DA /* AppDelegate.m in Sources */,
				C3BC2E9B16CA2081004CE6DA /* ViewController.m in Sources */,
			);
			runOnlyForDeploymentPostprocessing = 0;
		};
		C3BC2E9C16CA2081004CE6DA /* Sources */ = {
			isa = PBXSourcesBuildPhase;
			buildActionMask = 2147483647;
			files = (
				C3BC2EB016CA2081004CE6DA /* Git_Sample_ProjectTests.m in Sources */,
			);
			runOnlyForDeploymentPostprocessing = 0;
		};
/* End PBXSourcesBuildPhase section */

/* Begin PBXTargetDependency section */
		C3BC2EA716CA2081004CE6DA /* PBXTargetDependency */ = {
			isa = PBXTargetDependency;
			target = C3BC2E7A16CA2081004CE6DA /* Git-Sample-Project */;
			targetProxy = C3BC2EA616CA2081004CE6DA /* PBXContainerItemProxy */;
		};
/* End PBXTargetDependency section */

/* Begin PBXVariantGroup section */
		C3BC2E8716CA2081004CE6DA /* InfoPlist.strings */ = {
			isa = PBXVariantGroup;
			children = (
				C3BC2E8816CA2081004CE6DA /* en */,
			);
			name = InfoPlist.strings;
			sourceTree = "<group>";
		};
		C3BC2E9616CA2081004CE6DA /* MainStoryboard.storyboard */ = {
			isa = PBXVariantGroup;
			children = (
				C3BC2E9716CA2081004CE6DA /* en */,
			);
			name = MainStoryboard.storyboard;
			sourceTree = "<group>";
		};
		C3BC2EAB16CA2081004CE6DA /* InfoPlist.strings */ = {
			isa = PBXVariantGroup;
			children = (
				C3BC2EAC16CA2081004CE6DA /* en */,
			);
			name = InfoPlist.strings;
			sourceTree = "<group>";
		};
/* End PBXVariantGroup section */

/* Begin XCBuildConfiguration section */
		C3BC2EB116CA2081004CE6DA /* Debug */ = {
			isa = XCBuildConfiguration;
			buildSettings = {
				ALWAYS_SEARCH_USER_PATHS = NO;
				CLANG_CXX_LANGUAGE_STANDARD = "gnu++0x";
				CLANG_CXX_LIBRARY = "libc++";
				CLANG_ENABLE_OBJC_ARC = YES;
				CLANG_WARN_CONSTANT_CONVERSION = YES;
				CLANG_WARN_EMPTY_BODY = YES;
				CLANG_WARN_ENUM_CONVERSION = YES;
				CLANG_WARN_INT_CONVERSION = YES;
				CLANG_WARN__DUPLICATE_METHOD_MATCH = YES;
				"CODE_SIGN_IDENTITY[sdk=iphoneos*]" = "iPhone Developer";
				COPY_PHASE_STRIP = NO;
				GCC_C_LANGUAGE_STANDARD = gnu99;
				GCC_DYNAMIC_NO_PIC = NO;
				GCC_OPTIMIZATION_LEVEL = 0;
				GCC_PREPROCESSOR_DEFINITIONS = (
					"DEBUG=1",
					"$(inherited)",
				);
				GCC_SYMBOLS_PRIVATE_EXTERN = NO;
				GCC_WARN_ABOUT_RETURN_TYPE = YES;
				GCC_WARN_UNINITIALIZED_AUTOS = YES;
				GCC_WARN_UNUSED_VARIABLE = YES;
				IPHONEOS_DEPLOYMENT_TARGET = 6.1;
				ONLY_ACTIVE_ARCH = YES;
				SDKROOT = iphoneos;
			};
			name = Debug;
		};
		C3BC2EB216CA2081004CE6DA /* Release */ = {
			isa = XCBuildConfiguration;
			buildSettings = {
				ALWAYS_SEARCH_USER_PATHS = NO;
				CLANG_CXX_LANGUAGE_STANDARD = "gnu++0x";
				CLANG_CXX_LIBRARY = "libc++";
				CLANG_ENABLE_OBJC_ARC = YES;
				CLANG_WARN_CONSTANT_CONVERSION = YES;
				CLANG_WARN_EMPTY_BODY = YES;
				CLANG_WARN_ENUM_CONVERSION = YES;
				CLANG_WARN_INT_CONVERSION = YES;
				CLANG_WARN__DUPLICATE_METHOD_MATCH = YES;
				"CODE_SIGN_IDENTITY[sdk=iphoneos*]" = "iPhone Developer";
				COPY_PHASE_STRIP = YES;
				GCC_C_LANGUAGE_STANDARD = gnu99;
				GCC_WARN_ABOUT_RETURN_TYPE = YES;
				GCC_WARN_UNINITIALIZED_AUTOS = YES;
				GCC_WARN_UNUSED_VARIABLE = YES;
				IPHONEOS_DEPLOYMENT_TARGET = 6.1;
				OTHER_CFLAGS = "-DNS_BLOCK_ASSERTIONS=1";
				SDKROOT = iphoneos;
				VALIDATE_PRODUCT = YES;
			};
			name = Release;
		};
		C3BC2EB416CA2081004CE6DA /* Debug */ = {
			isa = XCBuildConfiguration;
			buildSettings = {
				GCC_PRECOMPILE_PREFIX_HEADER = YES;
				GCC_PREFIX_HEADER = "Git-Sample-Project/Git-Sample-Project-Prefix.pch";
				INFOPLIST_FILE = "Git-Sample-Project/Git-Sample-Project-Info.plist";
				PRODUCT_NAME = "$(TARGET_NAME)";
				WRAPPER_EXTENSION = app;
			};
			name = Debug;
		};
		C3BC2EB516CA2081004CE6DA /* Release */ = {
			isa = XCBuildConfiguration;
			buildSettings = {
				GCC_PRECOMPILE_PREFIX_HEADER = YES;
				GCC_PREFIX_HEADER = "Git-Sample-Project/Git-Sample-Project-Prefix.pch";
				INFOPLIST_FILE = "Git-Sample-Project/Git-Sample-Project-Info.plist";
				PRODUCT_NAME = "$(TARGET_NAME)";
				WRAPPER_EXTENSION = app;
			};
			name = Release;
		};
		C3BC2EB716CA2081004CE6DA /* Debug */ = {
			isa = XCBuildConfiguration;
			buildSettings = {
				BUNDLE_LOADER = "$(BUILT_PRODUCTS_DIR)/Git-Sample-Project.app/Git-Sample-Project";
				FRAMEWORK_SEARCH_PATHS = (
					"\"$(SDKROOT)/Developer/Library/Frameworks\"",
					"\"$(DEVELOPER_LIBRARY_DIR)/Frameworks\"",
				);
				GCC_PRECOMPILE_PREFIX_HEADER = YES;
				GCC_PREFIX_HEADER = "Git-Sample-Project/Git-Sample-Project-Prefix.pch";
				INFOPLIST_FILE = "Git-Sample-ProjectTests/Git-Sample-ProjectTests-Info.plist";
				PRODUCT_NAME = "$(TARGET_NAME)";
				TEST_HOST = "$(BUNDLE_LOADER)";
				WRAPPER_EXTENSION = octest;
			};
			name = Debug;
		};
		C3BC2EB816CA2081004CE6DA /* Release */ = {
			isa = XCBuildConfiguration;
			buildSettings = {
				BUNDLE_LOADER = "$(BUILT_PRODUCTS_DIR)/Git-Sample-Project.app/Git-Sample-Project";
				FRAMEWORK_SEARCH_PATHS = (
					"\"$(SDKROOT)/Developer/Library/Frameworks\"",
					"\"$(DEVELOPER_LIBRARY_DIR)/Frameworks\"",
				);
				GCC_PRECOMPILE_PREFIX_HEADER = YES;
				GCC_PREFIX_HEADER = "Git-Sample-Project/Git-Sample-Project-Prefix.pch";
				INFOPLIST_FILE = "Git-Sample-ProjectTests/Git-Sample-ProjectTests-Info.plist";
				PRODUCT_NAME = "$(TARGET_NAME)";
				TEST_HOST = "$(BUNDLE_LOADER)";
				WRAPPER_EXTENSION = octest;
			};
			name = Release;
		};
/* End XCBuildConfiguration section */

/* Begin XCConfigurationList section */
		C3BC2E7616CA2080004CE6DA /* Build configuration list for PBXProject "Git-Sample-Project" */ = {
			isa = XCConfigurationList;
			buildConfigurations = (
				C3BC2EB116CA2081004CE6DA /* Debug */,
				C3BC2EB216CA2081004CE6DA /* Release */,
			);
			defaultConfigurationIsVisible = 0;
			defaultConfigurationName = Release;
		};
		C3BC2EB316CA2081004CE6DA /* Build configuration list for PBXNativeTarget "Git-Sample-Project" */ = {
			isa = XCConfigurationList;
			buildConfigurations = (
				C3BC2EB416CA2081004CE6DA /* Debug */,
				C3BC2EB516CA2081004CE6DA /* Release */,
			);
			defaultConfigurationIsVisible = 0;
		};
		C3BC2EB616CA2081004CE6DA /* Build configuration list for PBXNativeTarget "Git-Sample-ProjectTests" */ = {
			isa = XCConfigurationList;
			buildConfigurations = (
				C3BC2EB716CA2081004CE6DA /* Debug */,
				C3BC2EB816CA2081004CE6DA /* Release */,
			);
			defaultConfigurationIsVisible = 0;
		};
/* End XCConfigurationList section */
	};
	rootObject = C3BC2E7316CA2080004CE6DA /* Project object */;
}
